// !$*UTF8*$!
{
	archiveVersion = 1;
	classes = {
	};
	objectVersion = 46;
	objects = {

/* Begin PBXBuildFile section */
		F342DF3D203CFE0200EAB7BB /* AppDelegate.swift in Sources */ = {isa = PBXBuildFile; fileRef = F342DF3C203CFE0200EAB7BB /* AppDelegate.swift */; };
		F342DF3F203CFE0200EAB7BB /* ViewController.swift in Sources */ = {isa = PBXBuildFile; fileRef = F342DF3E203CFE0200EAB7BB /* ViewController.swift */; };
		F342DF42203CFE0200EAB7BB /* Main.storyboard in Resources */ = {isa = PBXBuildFile; fileRef = F342DF40203CFE0200EAB7BB /* Main.storyboard */; };
		F342DF44203CFE0200EAB7BB /* Assets.xcassets in Resources */ = {isa = PBXBuildFile; fileRef = F342DF43203CFE0200EAB7BB /* Assets.xcassets */; };
		F342DF47203CFE0200EAB7BB /* LaunchScreen.storyboard in Resources */ = {isa = PBXBuildFile; fileRef = F342DF45203CFE0200EAB7BB /* LaunchScreen.storyboard */; };
/* End PBXBuildFile section */

/* Begin PBXFileReference section */
		F342DF39203CFE0200EAB7BB /* foursquare2.app */ = {isa = PBXFileReference; explicitFileType = wrapper.application; includeInIndex = 0; path = foursquare2.app; sourceTree = BUILT_PRODUCTS_DIR; };
		F342DF3C203CFE0200EAB7BB /* AppDelegate.swift */ = {isa = PBXFileReference; lastKnownFileType = sourcecode.swift; path = AppDelegate.swift; sourceTree = "<group>"; };
		F342DF3E203CFE0200EAB7BB /* ViewController.swift */ = {isa = PBXFileReference; lastKnownFileType = sourcecode.swift; path = ViewController.swift; sourceTree = "<group>"; };
		F342DF41203CFE0200EAB7BB /* Base */ = {isa = PBXFileReference; lastKnownFileType = file.storyboard; name = Base; path = Base.lproj/Main.storyboard; sourceTree = "<group>"; };
		F342DF43203CFE0200EAB7BB /* Assets.xcassets */ = {isa = PBXFileReference; lastKnownFileType = folder.assetcatalog; path = Assets.xcassets; sourceTree = "<group>"; };
		F342DF46203CFE0200EAB7BB /* Base */ = {isa = PBXFileReference; lastKnownFileType = file.storyboard; name = Base; path = Base.lproj/LaunchScreen.storyboard; sourceTree = "<group>"; };
		F342DF48203CFE0300EAB7BB /* Info.plist */ = {isa = PBXFileReference; lastKnownFileType = text.plist.xml; path = Info.plist; sourceTree = "<group>"; };
/* End PBXFileReference section */

/* Begin PBXFrameworksBuildPhase section */
		F342DF36203CFE0200EAB7BB /* Frameworks */ = {
			isa = PBXFrameworksBuildPhase;
			buildActionMask = 2147483647;
			files = (
			);
			runOnlyForDeploymentPostprocessing = 0;
		};
/* End PBXFrameworksBuildPhase section */

/* Begin PBXGroup section */
		F342DF30203CFE0100EAB7BB = {
			isa = PBXGroup;
			children = (
				F342DF3B203CFE0200EAB7BB /* foursquare2 */,
				F342DF3A203CFE0200EAB7BB /* Products */,
			);
			sourceTree = "<group>";
		};
		F342DF3A203CFE0200EAB7BB /* Products */ = {
			isa = PBXGroup;
			children = (
				F342DF39203CFE0200EAB7BB /* foursquare2.app */,
			);
			name = Products;
			sourceTree = "<group>";
		};
		F342DF3B203CFE0200EAB7BB /* foursquare2 */ = {
			isa = PBXGroup;
			children = (
				F342DF3C203CFE0200EAB7BB /* AppDelegate.swift */,
				F342DF3E203CFE0200EAB7BB /* ViewController.swift */,
				F342DF40203CFE0200EAB7BB /* Main.storyboard */,
				F342DF43203CFE0200EAB7BB /* Assets.xcassets */,
				F342DF45203CFE0200EAB7BB /* LaunchScreen.storyboard */,
				F342DF48203CFE0300EAB7BB /* Info.plist */,
			);
			path = foursquare2;
			sourceTree = "<group>";
		};
/* End PBXGroup section */

/* Begin PBXNativeTarget section */
		F342DF38203CFE0200EAB7BB /* foursquare2 */ = {
			isa = PBXNativeTarget;
			buildConfigurationList = F342DF4B203CFE0300EAB7BB /* Build configuration list for PBXNativeTarget "foursquare2" */;
			buildPhases = (
				F342DF35203CFE0200EAB7BB /* Sources */,
				F342DF36203CFE0200EAB7BB /* Frameworks */,
				F342DF37203CFE0200EAB7BB /* Resources */,
			);
			buildRules = (
			);
			dependencies = (
			);
			name = foursquare2;
			productName = foursquare2;
			productReference = F342DF39203CFE0200EAB7BB /* foursquare2.app */;
			productType = "com.apple.product-type.application";
		};
/* End PBXNativeTarget section */

/* Begin PBXProject section */
		F342DF31203CFE0200EAB7BB /* Project object */ = {
			isa = PBXProject;
			attributes = {
				LastSwiftUpdateCheck = 0830;
				LastUpgradeCheck = 0830;
				ORGANIZATIONNAME = "Alumno IDS";
				TargetAttributes = {
					F342DF38203CFE0200EAB7BB = {
						CreatedOnToolsVersion = 8.3.2;
						ProvisioningStyle = Automatic;
					};
				};
			};
			buildConfigurationList = F342DF34203CFE0200EAB7BB /* Build configuration list for PBXProject "foursquare2" */;
			compatibilityVersion = "Xcode 3.2";
			developmentRegion = English;
			hasScannedForEncodings = 0;
			knownRegions = (
				en,
				Base,
			);
			mainGroup = F342DF30203CFE0100EAB7BB;
			productRefGroup = F342DF3A203CFE0200EAB7BB /* Products */;
			projectDirPath = "";
			projectRoot = "";
			targets = (
				F342DF38203CFE0200EAB7BB /* foursquare2 */,
			);
		};
/* End PBXProject section */

/* Begin PBXResourcesBuildPhase section */
		F342DF37203CFE0200EAB7BB /* Resources */ = {
			isa = PBXResourcesBuildPhase;
			buildActionMask = 2147483647;
			files = (
				F342DF47203CFE0200EAB7BB /* LaunchScreen.storyboard in Resources */,
				F342DF44203CFE0200EAB7BB /* Assets.xcassets in Resources */,
				F342DF42203CFE0200EAB7BB /* Main.storyboard in Resources */,
			);
			runOnlyForDeploymentPostprocessing = 0;
		};
/* End PBXResourcesBuildPhase section */

/* Begin PBXSourcesBuildPhase section */
		F342DF35203CFE0200EAB7BB /* Sources */ = {
			isa = PBXSourcesBuildPhase;
			buildActionMask = 2147483647;
			files = (
				F342DF3F203CFE0200EAB7BB /* ViewController.swift in Sources */,
				F342DF3D203CFE0200EAB7BB /* AppDelegate.swift in Sources */,
			);
			runOnlyForDeploymentPostprocessing = 0;
		};
/* End PBXSourcesBuildPhase section */

/* Begin PBXVariantGroup section */
		F342DF40203CFE0200EAB7BB /* Main.storyboard */ = {
			isa = PBXVariantGroup;
			children = (
				F342DF41203CFE0200EAB7BB /* Base */,
			);
			name = Main.storyboard;
			sourceTree = "<group>";
		};
		F342DF45203CFE0200EAB7BB /* LaunchScreen.storyboard */ = {
			isa = PBXVariantGroup;
			children = (
				F342DF46203CFE0200EAB7BB /* Base */,
			);
			name = LaunchScreen.storyboard;
			sourceTree = "<group>";
		};
/* End PBXVariantGroup section */

/* Begin XCBuildConfiguration section */
		F342DF49203CFE0300EAB7BB /* Debug */ = {
			isa = XCBuildConfiguration;
			buildSettings = {
				ALWAYS_SEARCH_USER_PATHS = NO;
				CLANG_ANALYZER_NONNULL = YES;
				CLANG_ANALYZER_NUMBER_OBJECT_CONVERSION = YES_AGGRESSIVE;
				CLANG_CXX_LANGUAGE_STANDARD = "gnu++0x";
				CLANG_CXX_LIBRARY = "libc++";
				CLANG_ENABLE_MODULES = YES;
				CLANG_ENABLE_OBJC_ARC = YES;
				CLANG_WARN_BOOL_CONVERSION = YES;
				CLANG_WARN_CONSTANT_CONVERSION = YES;
				CLANG_WARN_DIRECT_OBJC_ISA_USAGE = YES_ERROR;
				CLANG_WARN_DOCUMENTATION_COMMENTS = YES;
				CLANG_WARN_EMPTY_BODY = YES;
				CLANG_WARN_ENUM_CONVERSION = YES;
				CLANG_WARN_INFINITE_RECURSION = YES;
				CLANG_WARN_INT_CONVERSION = YES;
				CLANG_WARN_OBJC_ROOT_CLASS = YES_ERROR;
				CLANG_WARN_SUSPICIOUS_MOVE = YES;
				CLANG_WARN_UNREACHABLE_CODE = YES;
				CLANG_WARN__DUPLICATE_METHOD_MATCH = YES;
				"CODE_SIGN_IDENTITY[sdk=iphoneos*]" = "iPhone Developer";
				COPY_PHASE_STRIP = NO;
				DEBUG_INFORMATION_FORMAT = dwarf;
				ENABLE_STRICT_OBJC_MSGSEND = YES;
				ENABLE_TESTABILITY = YES;
				GCC_C_LANGUAGE_STANDARD = gnu99;
				GCC_DYNAMIC_NO_PIC = NO;
				GCC_NO_COMMON_BLOCKS = YES;
				GCC_OPTIMIZATION_LEVEL = 0;
				GCC_PREPROCESSOR_DEFINITIONS = (
					"DEBUG=1",
					"$(inherited)",
				);
				GCC_WARN_64_TO_32_BIT_CONVERSION = YES;
				GCC_WARN_ABOUT_RETURN_TYPE = YES_ERROR;
				GCC_WARN_UNDECLARED_SELECTOR = YES;
				GCC_WARN_UNINITIALIZED_AUTOS = YES_AGGRESSIVE;
				GCC_WARN_UNUSED_FUNCTION = YES;
				GCC_WARN_UNUSED_VARIABLE = YES;
				IPHONEOS_DEPLOYMENT_TARGET = 10.3;
				MTL_ENABLE_DEBUG_INFO = YES;
				ONLY_ACTIVE_ARCH = YES;
				SDKROOT = iphoneos;
				SWIFT_ACTIVE_COMPILATION_CONDITIONS = DEBUG;
				SWIFT_OPTIMIZATION_LEVEL = "-Onone";
				TARGETED_DEVICE_FAMILY = "1,2";
			};
			name = Debug;
		};
		F342DF4A203CFE0300EAB7BB /* Release */ = {
			isa = XCBuildConfiguration;
			buildSettings = {
				ALWAYS_SEARCH_USER_PATHS = NO;
				CLANG_ANALYZER_NONNULL = YES;
				CLANG_ANALYZER_NUMBER_OBJECT_CONVERSION = YES_AGGRESSIVE;
				CLANG_CXX_LANGUAGE_STANDARD = "gnu++0x";
				CLANG_CXX_LIBRARY = "libc++";
				CLANG_ENABLE_MODULES = YES;
				CLANG_ENABLE_OBJC_ARC = YES;
				CLANG_WARN_BOOL_CONVERSION = YES;
				CLANG_WARN_CONSTANT_CONVERSION = YES;
				CLANG_WARN_DIRECT_OBJC_ISA_USAGE = YES_ERROR;
				CLANG_WARN_DOCUMENTATION_COMMENTS = YES;
				CLANG_WARN_EMPTY_BODY = YES;
				CLANG_WARN_ENUM_CONVERSION = YES;
				CLANG_WARN_INFINITE_RECURSION = YES;
				CLANG_WARN_INT_CONVERSION = YES;
				CLANG_WARN_OBJC_ROOT_CLASS = YES_ERROR;
				CLANG_WARN_SUSPICIOUS_MOVE = YES;
				CLANG_WARN_UNREACHABLE_CODE = YES;
				CLANG_WARN__DUPLICATE_METHOD_MATCH = YES;
				"CODE_SIGN_IDENTITY[sdk=iphoneos*]" = "iPhone Developer";
				COPY_PHASE_STRIP = NO;
				DEBUG_INFORMATION_FORMAT = "dwarf-with-dsym";
				ENABLE_NS_ASSERTIONS = NO;
				ENABLE_STRICT_OBJC_MSGSEND = YES;
				GCC_C_LANGUAGE_STANDARD = gnu99;
				GCC_NO_COMMON_BLOCKS = YES;
				GCC_WARN_64_TO_32_BIT_CONVERSION = YES;
				GCC_WARN_ABOUT_RETURN_TYPE = YES_ERROR;
				GCC_WARN_UNDECLARED_SELECTOR = YES;
				GCC_WARN_UNINITIALIZED_AUTOS = YES_AGGRESSIVE;
				GCC_WARN_UNUSED_FUNCTION = YES;
				GCC_WARN_UNUSED_VARIABLE = YES;
				IPHONEOS_DEPLOYMENT_TARGET = 10.3;
				MTL_ENABLE_DEBUG_INFO = NO;
				SDKROOT = iphoneos;
				SWIFT_OPTIMIZATION_LEVEL = "-Owholemodule";
				TARGETED_DEVICE_FAMILY = "1,2";
				VALIDATE_PRODUCT = YES;
			};
			name = Release;
		};
		F342DF4C203CFE0300EAB7BB /* Debug */ = {
			isa = XCBuildConfiguration;
			buildSettings = {
				ASSETCATALOG_COMPILER_APPICON_NAME = AppIcon;
				INFOPLIST_FILE = foursquare2/Info.plist;
				LD_RUNPATH_SEARCH_PATHS = "$(inherited) @executable_path/Frameworks";
				PRODUCT_BUNDLE_IDENTIFIER = com.tecmilenio.foursquare2;
				PRODUCT_NAME = "$(TARGET_NAME)";
				SWIFT_VERSION = 3.0;
			};
			name = Debug;
		};
		F342DF4D203CFE0300EAB7BB /* Release */ = {
			isa = XCBuildConfiguration;
			buildSettings = {
				ASSETCATALOG_COMPILER_APPICON_NAME = AppIcon;
				INFOPLIST_FILE = foursquare2/Info.plist;
				LD_RUNPATH_SEARCH_PATHS = "$(inherited) @executable_path/Frameworks";
				PRODUCT_BUNDLE_IDENTIFIER = com.tecmilenio.foursquare2;
				PRODUCT_NAME = "$(TARGET_NAME)";
				SWIFT_VERSION = 3.0;
			};
			name = Release;
		};
/* End XCBuildConfiguration section */

/* Begin XCConfigurationList section */
		F342DF34203CFE0200EAB7BB /* Build configuration list for PBXProject "foursquare2" */ = {
			isa = XCConfigurationList;
			buildConfigurations = (
				F342DF49203CFE0300EAB7BB /* Debug */,
				F342DF4A203CFE0300EAB7BB /* Release */,
			);
			defaultConfigurationIsVisible = 0;
			defaultConfigurationName = Release;
		};
		F342DF4B203CFE0300EAB7BB /* Build configuration list for PBXNativeTarget "foursquare2" */ = {
			isa = XCConfigurationList;
			buildConfigurations = (
				F342DF4C203CFE0300EAB7BB /* Debug */,
				F342DF4D203CFE0300EAB7BB /* Release */,
			);
			defaultConfigurationIsVisible = 0;
		};
/* End XCConfigurationList section */
	};
	rootObject = F342DF31203CFE0200EAB7BB /* Project object */;
}
